
Microsoft Visual Studio Solution File, Format Version 12.00
# Visual Studio Version 16
VisualStudioVersion = 16.0.30011.22
MinimumVisualStudioVersion = 10.0.40219.1
Project("{9A19103F-16F7-4668-BE54-9A1E7A4F7556}") = "PingPlugin", "PingPlugin\PingPlugin.csproj", "{AFEA1708-9EB5-4DE9-814C-04ADC40BC5EE}"
EndProject
Project("{2150E333-8FDC-42A3-9474-1A3956D46DE8}") = "Github", "Github", "{FF1B447D-187A-444E-BAF3-D7E75A49A81B}"
	ProjectSection(SolutionItems) = preProject
		.gitattributes = .gitattributes
		.gitignore = .gitignore
		README.md = README.md
	EndProjectSection
EndProject
Project("{2150E333-8FDC-42A3-9474-1A3956D46DE8}") = "Github Actions", "Github Actions", "{D3F73229-7C85-4017-B8C9-B7668022A4F0}"
	ProjectSection(SolutionItems) = preProject
		.github\workflows\build.yml = .github\workflows\build.yml
	EndProjectSection
EndProject
Global
	GlobalSection(SolutionConfigurationPlatforms) = preSolution
		Debug|x64 = Debug|x64
		Release|x64 = Release|x64
	EndGlobalSection
	GlobalSection(ProjectConfigurationPlatforms) = postSolution
		{AFEA1708-9EB5-4DE9-814C-04ADC40BC5EE}.Release|x64.ActiveCfg = Release|x64
		{AFEA1708-9EB5-4DE9-814C-04ADC40BC5EE}.Release|x64.Build.0 = Release|x64
		{AFEA1708-9EB5-4DE9-814C-04ADC40BC5EE}.Debug|x64.ActiveCfg = Debug|x64
	EndGlobalSection
	GlobalSection(SolutionProperties) = preSolution
		HideSolutionNode = FALSE
	EndGlobalSection
	GlobalSection(ExtensibilityGlobals) = postSolution
		SolutionGuid = {C42177D2-F7E7-43F1-BD96-D4A20B20FE86}
	EndGlobalSection
EndGlobal
